
Microsoft Visual Studio Solution File, Format Version 12.00
# Visual Studio Version 16
VisualStudioVersion = 16.0.30225.117
MinimumVisualStudioVersion = 10.0.40219.1
Project("{8BC9CEB8-8B4A-11D0-8D11-00A0C91BC942}") = "백준2455", "백준2455.vcxproj", "{23174BA2-FE95-4E85-BBB4-438F8099A8AE}"
EndProject
Global
	GlobalSection(SolutionConfigurationPlatforms) = preSolution
		Debug|x64 = Debug|x64
		Debug|x86 = Debug|x86
		Release|x64 = Release|x64
		Release|x86 = Release|x86
	EndGlobalSection
	GlobalSection(ProjectConfigurationPlatforms) = postSolution
		{23174BA2-FE95-4E85-BBB4-438F8099A8AE}.Debug|x64.ActiveCfg = Debug|x64
		{23174BA2-FE95-4E85-BBB4-438F8099A8AE}.Debug|x64.Build.0 = Debug|x64
		{23174BA2-FE95-4E85-BBB4-438F8099A8AE}.Debug|x86.ActiveCfg = Debug|Win32
		{23174BA2-FE95-4E85-BBB4-438F8099A8AE}.Debug|x86.Build.0 = Debug|Win32
		{23174BA2-FE95-4E85-BBB4-438F8099A8AE}.Release|x64.ActiveCfg = Release|x64
		{23174BA2-FE95-4E85-BBB4-438F8099A8AE}.Release|x64.Build.0 = Release|x64
		{23174BA2-FE95-4E85-BBB4-438F8099A8AE}.Release|x86.ActiveCfg = Release|Win32
		{23174BA2-FE95-4E85-BBB4-438F8099A8AE}.Release|x86.Build.0 = Release|Win32
	EndGlobalSection
	GlobalSection(SolutionProperties) = preSolution
		HideSolutionNode = FALSE
	EndGlobalSection
	GlobalSection(ExtensibilityGlobals) = postSolution
		SolutionGuid = {3516E585-DAD0-4971-B6CC-B3228719EE51}
	EndGlobalSection
EndGlobal
