
Microsoft Visual Studio Solution File, Format Version 12.00
# Visual Studio Version 16
VisualStudioVersion = 16.0.30225.117
MinimumVisualStudioVersion = 10.0.40219.1
Project("{8BC9CEB8-8B4A-11D0-8D11-00A0C91BC942}") = "2020KPUSoftware", "2020KPUSoftware.vcxproj", "{E212B49A-BDB7-418B-96A9-1198CDA7B4F5}"
EndProject
Global
	GlobalSection(SolutionConfigurationPlatforms) = preSolution
		Debug|x64 = Debug|x64
		Debug|x86 = Debug|x86
		Release|x64 = Release|x64
		Release|x86 = Release|x86
	EndGlobalSection
	GlobalSection(ProjectConfigurationPlatforms) = postSolution
		{E212B49A-BDB7-418B-96A9-1198CDA7B4F5}.Debug|x64.ActiveCfg = Debug|x64
		{E212B49A-BDB7-418B-96A9-1198CDA7B4F5}.Debug|x64.Build.0 = Debug|x64
		{E212B49A-BDB7-418B-96A9-1198CDA7B4F5}.Debug|x86.ActiveCfg = Debug|Win32
		{E212B49A-BDB7-418B-96A9-1198CDA7B4F5}.Debug|x86.Build.0 = Debug|Win32
		{E212B49A-BDB7-418B-96A9-1198CDA7B4F5}.Release|x64.ActiveCfg = Release|x64
		{E212B49A-BDB7-418B-96A9-1198CDA7B4F5}.Release|x64.Build.0 = Release|x64
		{E212B49A-BDB7-418B-96A9-1198CDA7B4F5}.Release|x86.ActiveCfg = Release|Win32
		{E212B49A-BDB7-418B-96A9-1198CDA7B4F5}.Release|x86.Build.0 = Release|Win32
	EndGlobalSection
	GlobalSection(SolutionProperties) = preSolution
		HideSolutionNode = FALSE
	EndGlobalSection
	GlobalSection(ExtensibilityGlobals) = postSolution
		SolutionGuid = {650D5EC7-62FE-4509-BF79-9EE71B3A751D}
	EndGlobalSection
EndGlobal
