
Microsoft Visual Studio Solution File, Format Version 12.00
# Visual Studio Version 16
VisualStudioVersion = 16.0.30225.117
MinimumVisualStudioVersion = 10.0.40219.1
Project("{8BC9CEB8-8B4A-11D0-8D11-00A0C91BC942}") = "백준2556", "백준2556.vcxproj", "{37A19F8B-8A57-440B-BA74-006E1C6A4B52}"
EndProject
Global
	GlobalSection(SolutionConfigurationPlatforms) = preSolution
		Debug|x64 = Debug|x64
		Debug|x86 = Debug|x86
		Release|x64 = Release|x64
		Release|x86 = Release|x86
	EndGlobalSection
	GlobalSection(ProjectConfigurationPlatforms) = postSolution
		{37A19F8B-8A57-440B-BA74-006E1C6A4B52}.Debug|x64.ActiveCfg = Debug|x64
		{37A19F8B-8A57-440B-BA74-006E1C6A4B52}.Debug|x64.Build.0 = Debug|x64
		{37A19F8B-8A57-440B-BA74-006E1C6A4B52}.Debug|x86.ActiveCfg = Debug|Win32
		{37A19F8B-8A57-440B-BA74-006E1C6A4B52}.Debug|x86.Build.0 = Debug|Win32
		{37A19F8B-8A57-440B-BA74-006E1C6A4B52}.Release|x64.ActiveCfg = Release|x64
		{37A19F8B-8A57-440B-BA74-006E1C6A4B52}.Release|x64.Build.0 = Release|x64
		{37A19F8B-8A57-440B-BA74-006E1C6A4B52}.Release|x86.ActiveCfg = Release|Win32
		{37A19F8B-8A57-440B-BA74-006E1C6A4B52}.Release|x86.Build.0 = Release|Win32
	EndGlobalSection
	GlobalSection(SolutionProperties) = preSolution
		HideSolutionNode = FALSE
	EndGlobalSection
	GlobalSection(ExtensibilityGlobals) = postSolution
		SolutionGuid = {0066BC16-7F4A-4CE4-B173-ACD02CB92C7F}
	EndGlobalSection
EndGlobal
